
Microsoft Visual Studio Solution File, Format Version 12.00
# Visual Studio Version 16
VisualStudioVersion = 16.0.29926.136
MinimumVisualStudioVersion = 10.0.40219.1
Project("{FAE04EC0-301F-11D3-BF4B-00C04F79EFBC}") = "DemoAttribute", "DemoAttribute\DemoAttribute.csproj", "{A959B26C-B44A-405F-A075-116172510187}"
EndProject
Global
	GlobalSection(SolutionConfigurationPlatforms) = preSolution
		Debug|Any CPU = Debug|Any CPU
		Release|Any CPU = Release|Any CPU
	EndGlobalSection
	GlobalSection(ProjectConfigurationPlatforms) = postSolution
		{A959B26C-B44A-405F-A075-116172510187}.Debug|Any CPU.ActiveCfg = Debug|Any CPU
		{A959B26C-B44A-405F-A075-116172510187}.Debug|Any CPU.Build.0 = Debug|Any CPU
		{A959B26C-B44A-405F-A075-116172510187}.Release|Any CPU.ActiveCfg = Release|Any CPU
		{A959B26C-B44A-405F-A075-116172510187}.Release|Any CPU.Build.0 = Release|Any CPU
	EndGlobalSection
	GlobalSection(SolutionProperties) = preSolution
		HideSolutionNode = FALSE
	EndGlobalSection
	GlobalSection(ExtensibilityGlobals) = postSolution
		SolutionGuid = {1A87E825-17E7-4F7A-9248-E295D0BB5992}
	EndGlobalSection
EndGlobal
